{
  "name": "disasterlink-backend",
  "version": "1.0.0",
  "lockfileVersion": 3,
  "requires": true,
  "packages": {
    "": {
      "name": "disasterlink-backend",
      "version": "1.0.0",
      "dependencies": {
        "@aws-sdk/client-cognito-identity-provider": "^3.1128.0",
        "@aws-sdk/client-dynamodb": "^3.0.0",
        "@aws-sdk/client-location": "^3.1129.0",
        "@aws-sdk/client-s3": "^3.1129.0",
        "@aws-sdk/client-sns": "^3.1129.0",
        "@aws-sdk/lib-dynamodb": "^3.0.0",
        "@aws-sdk/s3-request-presigner": "^3.1129.0",
        "uuid": "^9.0.0"
      },
      "devDependencies": {
        "esbuild": "^0.20.0"
      }
    },
    "node_modules/@aws-sdk/checksums": {
      "version": "3.1001.0",
      "resolved": "https://registry.npmjs.org/@aws-sdk/checksums/-/checksums-3.1001.0.tgz",
      "integrity": "sha512-6uTniZc87q+B5eXouGTl+7Tmc482rEeCcvxpsvREP8EfF0gvloRZ41UOA9sbSJlyy8TbqIBXb3kKfKarEArUQA==",
      "license": "Apache-2.0",
      "dependencies": {
        "@aws-sdk/core": "^3.978.0",
        "@aws-sdk/types": "^3.974.5",
        "@smithy/core": "^3.33.3",
        "@smithy/types": "^4.17.2",
        "tslib": "^2.6.2"
      },
      "engines": {
        "node": ">=20.0.0"
      }
    },
    "node_modules/@aws-sdk/client-cognito-identity-provider": {
      "version": "3.1128.0",
      "resolved": "https://registry.npmjs.org/@aws-sdk/client-cognito-identity-provider/-/client-cognito-identity-provider-3.1128.0.tgz",
      "integrity": "sha512-mhHxjv0yDwepLc/PLJx2gRWVRv1Cly3onnakONpkx3HS0cLxF3TQa8TmbqByTSlm3GoyKMNhBzbBvQalqbKdqw==",
      "license": "Apache-2.0",
      "dependencies": {
        "@aws-sdk/core": "^3.977.9",
        "@aws-sdk/credential-provider-node": "^3.972.82",
        "@aws-sdk/types": "^3.974.5",
        "@smithy/core": "^3.33.3",
        "@smithy/fetch-http-handler": "^5.7.2",
        "@smithy/node-http-handler": "^4.11.3",
        "@smithy/types": "^4.17.2",
        "tslib": "^2.6.2"
      },
      "engines": {
        "node": ">=20.0.0"
      }
    },
    "node_modules/@aws-sdk/client-dynamodb": {
      "version": "3.1128.0",
      "resolved": "https://registry.npmjs.org/@aws-sdk/client-dynamodb/-/client-dynamodb-3.1128.0.tgz",
      "integrity": "sha512-l8cr5ydjj0H9jK8MtTL337CbI+s9azwgWl/MLlBkGQqsAJ6BT6v72APDiv7GFGJVI7JmNItdifjbTqve2HQnJA==",
      "license": "Apache-2.0",
      "dependencies": {
        "@aws-sdk/core": "^3.977.9",
        "@aws-sdk/credential-provider-node": "^3.972.82",
        "@aws-sdk/dynamodb-codec": "^3.973.44",
        "@aws-sdk/middleware-endpoint-discovery": "^3.972.30",
        "@aws-sdk/types": "^3.974.5",
        "@smithy/core": "^3.33.3",
        "@smithy/fetch-http-handler": "^5.7.2",
        "@smithy/node-http-handler": "^4.11.3",
        "@smithy/types": "^4.17.2",
        "tslib": "^2.6.2"
      },
      "engines": {
        "node": ">=20.0.0"
      }
    },
    "node_modules/@aws-sdk/client-location": {
      "version": "3.1129.0",
      "resolved": "https://registry.npmjs.org/@aws-sdk/client-location/-/client-location-3.1129.0.tgz",
      "integrity": "sha512-H69ASd1ET3iDruNRNR2a9t/DFYjNJ97c1X4RptGhJNt2xpE+bMB+u0U9NvbvHDzr1H8+mjti8Jp/tFY0MPYpRQ==",
      "license": "Apache-2.0",
      "dependencies": {
        "@aws-sdk/core": "^3.978.0",
        "@aws-sdk/credential-provider-node": "^3.972.83",
        "@aws-sdk/types": "^3.974.5",
        "@smithy/core": "^3.33.3",
        "@smithy/fetch-http-handler": "^5.7.2",
        "@smithy/node-http-handler": "^4.11.3",
        "@smithy/types": "^4.17.2",
        "tslib": "^2.6.2"
      },
      "engines": {
        "node": ">=20.0.0"
      }
    },
    "node_modules/@aws-sdk/client-s3": {
      "version": "3.1129.0",
      "resolved": "https://registry.npmjs.org/@aws-sdk/client-s3/-/client-s3-3.1129.0.tgz",
      "integrity": "sha512-TwbRTrAGwtFFUQ/jozsj9Jyjy+UjIsfSKaNs/tQfggIWFbk1Mim+IWjZ//IOz97Wc5Q/z/6G4cb5znYUXHKxHg==",
      "license": "Apache-2.0",
      "dependencies": {
        "@aws-sdk/checksums": "^3.1001.0",
        "@aws-sdk/core": "^3.978.0",
        "@aws-sdk/credential-provider-node": "^3.972.83",
        "@aws-sdk/middleware-sdk-s3": "^3.972.76",
        "@aws-sdk/signature-v4-multi-region": "^3.996.46",
        "@aws-sdk/types": "^3.974.5",
        "@smithy/core": "^3.33.3",
        "@smithy/fetch-http-handler": "^5.7.2",
        "@smithy/node-http-handler": "^4.11.3",
        "@smithy/types": "^4.17.2",
        "tslib": "^2.6.2"
      },
      "engines": {
        "node": ">=20.0.0"
      }
    },
    "node_modules/@aws-sdk/client-sns": {
      "version": "3.1129.0",
      "resolved": "https://registry.npmjs.org/@aws-sdk/client-sns/-/client-sns-3.1129.0.tgz",
      "integrity": "sha512-snofvkpPkoMDajVxQXM/QqhfkDQe/vPig2uUSlWjDtzrkcB7xFOT4sIX5glpwJgFN48ybzY6rSF8F6fEBVvRMg==",
      "license": "Apache-2.0",
      "dependencies": {
        "@aws-sdk/core": "^3.978.0",
        "@aws-sdk/credential-provider-node": "^3.972.83",
        "@aws-sdk/types": "^3.974.5",
        "@smithy/core": "^3.33.3",
        "@smithy/fetch-http-handler": "^5.7.2",
        "@smithy/node-http-handler": "^4.11.3",
        "@smithy/types": "^4.17.2",
        "tslib": "^2.6.2"
      },
      "engines": {
        "node": ">=20.0.0"
      }
    },
    "node_modules/@aws-sdk/core": {
      "version": "3.978.0",
      "resolved": "https://registry.npmjs.org/@aws-sdk/core/-/core-3.978.0.tgz",
      "integrity": "sha512-2yX9LUmxPklVjSGTb8dfnWRJSiFQ3TeH2nn7G1mdKHTfnabzF0+gfrS8rYfLWmZrQ8A3mEcxMJjRc51dL5KWaA==",
      "license": "Apache-2.0",
      "dependencies": {
        "@aws-sdk/types": "^3.974.5",
        "@aws-sdk/xml-builder": "^3.972.40",
        "@aws/lambda-invoke-store": "^0.3.0",
        "@smithy/core": "^3.33.3",
        "@smithy/signature-v4": "^5.6.12",
        "@smithy/types": "^4.17.2",
        "bowser": "^2.11.0",
        "tslib": "^2.6.2"
      },
      "engines": {
        "node": ">=20.0.0"
      }
    },
    "node_modules/@aws-sdk/credential-provider-env": {
      "version": "3.972.71",
      "resolved": "https://registry.npmjs.org/@aws-sdk/credential-provider-env/-/credential-provider-env-3.972.71.tgz",
      "integrity": "sha512-JN+JHruYZw3GUZB8YGAlDk4wTDPOEAEEdEzj5nS0xodWR4smzHsN7PnK2j6IeOsDIj2aqua5DSbhXl9Gtf90FQ==",
      "license": "Apache-2.0",
      "dependencies": {
        "@aws-sdk/core": "^3.978.0",
        "@aws-sdk/types": "^3.974.5",
        "@smithy/core": "^3.33.3",
        "@smithy/types": "^4.17.2",
        "tslib": "^2.6.2"
      },
      "engines": {
        "node": ">=20.0.0"
      }
    },
    "node_modules/@aws-sdk/credential-provider-http": {
      "version": "3.972.73",
      "resolved": "https://registry.npmjs.org/@aws-sdk/credential-provider-http/-/credential-provider-http-3.972.73.tgz",
      "integrity": "sha512-uyYYnJOnlis8uQzaYGPd7N1JoioCoNpXgnkXYixsWJXHXgXyYi8WXJSDfofxJeWfQIGWLe2Nwyq60Uc7MZdVOg==",
      "license": "Apache-2.0",
      "dependencies": {
        "@aws-sdk/core": "^3.978.0",
        "@aws-sdk/types": "^3.974.5",
        "@smithy/core": "^3.33.3",
        "@smithy/fetch-http-handler": "^5.7.2",
        "@smithy/node-http-handler": "^4.11.3",
        "@smithy/types": "^4.17.2",
        "tslib": "^2.6.2"
      },
      "engines": {
        "node": ">=20.0.0"
      }
    },
    "node_modules/@aws-sdk/credential-provider-ini": {
      "version": "3.973.16",
      "resolved": "https://registry.npmjs.org/@aws-sdk/credential-provider-ini/-/credential-provider-ini-3.973.16.tgz",
      "integrity": "sha512-i++ly+0Uxa+u3ebSSyr0S/3CFhFJDxCXT3+Zj+mW2bXenEx5bKGCdTIKFu39SgXBNhWDjex/8cXUx9MUTMCrTw==",
      "license": "Apache-2.0",
      "dependencies": {
        "@aws-sdk/core": "^3.978.0",
        "@aws-sdk/credential-provider-env": "^3.972.71",
        "@aws-sdk/credential-provider-http": "^3.972.73",
        "@aws-sdk/credential-provider-login": "^3.972.78",
        "@aws-sdk/credential-provider-process": "^3.972.71",
        "@aws-sdk/credential-provider-sso": "^3.973.15",
        "@aws-sdk/credential-provider-web-identity": "^3.972.77",
        "@aws-sdk/nested-clients": "^3.997.45",
        "@aws-sdk/types": "^3.974.5",
        "@smithy/core": "^3.33.3",
        "@smithy/credential-provider-imds": "^4.4.16",
        "@smithy/types": "^4.17.2",
        "tslib": "^2.6.2"
      },
      "engines": {
        "node": ">=20.0.0"
      }
    },
    "node_modules/@aws-sdk/credential-provider-login": {
      "version": "3.972.78",
      "resolved": "https://registry.npmjs.org/@aws-sdk/credential-provider-login/-/credential-provider-login-3.972.78.tgz",
      "integrity": "sha512-eUtswnXu0+Ii9ieRK+0L7aPFV3Z/dnW2VntJzjBP9xs8s+8p5nBNuymIXtXwZ+5r5+XJP3e32nMkuZ/r0HozEA==",
      "license": "Apache-2.0",
      "dependencies": {
        "@aws-sdk/core": "^3.978.0",
        "@aws-sdk/nested-clients": "^3.997.45",
        "@aws-sdk/types": "^3.974.5",
        "@smithy/core": "^3.33.3",
        "@smithy/types": "^4.17.2",
        "tslib": "^2.6.2"
      },
      "engines": {
        "node": ">=20.0.0"
      }
    },
    "node_modules/@aws-sdk/credential-provider-node": {
      "version": "3.972.83",
      "resolved": "https://registry.npmjs.org/@aws-sdk/credential-provider-node/-/credential-provider-node-3.972.83.tgz",
      "integrity": "sha512-jdso7ejzfRnatxMUZK4S/U6KbaDPCvfIV4XL+IQAPFDBt5rj5Fq595euqlK8Le4lNCMFR9oUpt+1l0aMgaayOQ==",
      "license": "Apache-2.0",
      "dependencies": {
        "@aws-sdk/credential-provider-env": "^3.972.71",
        "@aws-sdk/credential-provider-http": "^3.972.73",
        "@aws-sdk/credential-provider-ini": "^3.973.16",
        "@aws-sdk/credential-provider-process": "^3.972.71",
        "@aws-sdk/credential-provider-sso": "^3.973.15",
        "@aws-sdk/credential-provider-web-identity": "^3.972.77",
        "@aws-sdk/types": "^3.974.5",
        "@smithy/core": "^3.33.3",
        "@smithy/credential-provider-imds": "^4.4.16",
        "@smithy/types": "^4.17.2",
        "tslib": "^2.6.2"
      },
      "engines": {
        "node": ">=20.0.0"
      }
    },
    "node_modules/@aws-sdk/credential-provider-process": {
      "version": "3.972.71",
      "resolved": "https://registry.npmjs.org/@aws-sdk/credential-provider-process/-/credential-provider-process-3.972.71.tgz",
      "integrity": "sha512-lYmXJa4gvq4xN1lrT5NiP5vIYYKcGWAdj8y+8o6dlcateB5eF3Dn8DtmjjHKfMBrTPAMr2pebIiX/UOj8c1/UA==",
      "license": "Apache-2.0",
      "dependencies": {
        "@aws-sdk/core": "^3.978.0",
        "@aws-sdk/types": "^3.974.5",
        "@smithy/core": "^3.33.3",
        "@smithy/types": "^4.17.2",
        "tslib": "^2.6.2"
      },
      "engines": {
        "node": ">=20.0.0"
      }
    },
    "node_modules/@aws-sdk/credential-provider-sso": {
      "version": "3.973.15",
      "resolved": "https://registry.npmjs.org/@aws-sdk/credential-provider-sso/-/credential-provider-sso-3.973.15.tgz",
      "integrity": "sha512-6Jhcf4v0pSFdjk1EW2kvzuEBKD+UZ2uNcHUIglKKLndD20YhvkL2kdmDOV5/j4mYuWWwe/a1FQ1aomU86/Cg5Q==",
      "license": "Apache-2.0",
      "dependencies": {
        "@aws-sdk/core": "^3.978.0",
        "@aws-sdk/nested-clients": "^3.997.45",
        "@aws-sdk/token-providers": "3.1129.0",
        "@aws-sdk/types": "^3.974.5",
        "@smithy/core": "^3.33.3",
        "@smithy/types": "^4.17.2",
        "tslib": "^2.6.2"
      },
      "engines": {
        "node": ">=20.0.0"
      }
    },
    "node_modules/@aws-sdk/credential-provider-web-identity": {
      "version": "3.972.77",
      "resolved": "https://registry.npmjs.org/@aws-sdk/credential-provider-web-identity/-/credential-provider-web-identity-3.972.77.tgz",
      "integrity": "sha512-uylIQSUWpfLuH2LovxEEfwzJGM/SabLOfLMg6YXu/E8jJEKUdpdILCVCQCdFvHyu/7dLJOHPMfrSwduxO56NkQ==",
      "license": "Apache-2.0",
      "dependencies": {
        "@aws-sdk/core": "^3.978.0",
        "@aws-sdk/nested-clients": "^3.997.45",
        "@aws-sdk/types": "^3.974.5",
        "@smithy/core": "^3.33.3",
        "@smithy/types": "^4.17.2",
        "tslib": "^2.6.2"
      },
      "engines": {
        "node": ">=20.0.0"
      }
    },
    "node_modules/@aws-sdk/dynamodb-codec": {
      "version": "3.973.44",
      "resolved": "https://registry.npmjs.org/@aws-sdk/dynamodb-codec/-/dynamodb-codec-3.973.44.tgz",
      "integrity": "sha512-eo27HNeBqMAfy9JBQug6ErU6DeG8OmOH6ou8+KmX3/fWdTmWUsHsfisz2tEQOG+GJ57bBC7kC6AjKAjpcxU4QA==",
      "license": "Apache-2.0",
      "dependencies": {
        "@aws-sdk/core": "^3.977.9",
        "@smithy/core": "^3.33.3",
        "@smithy/types": "^4.17.2",
        "tslib": "^2.6.2"
      },
      "engines": {
        "node": ">=20.0.0"
      }
    },
    "node_modules/@aws-sdk/endpoint-cache": {
      "version": "3.972.11",
      "resolved": "https://registry.npmjs.org/@aws-sdk/endpoint-cache/-/endpoint-cache-3.972.11.tgz",
      "integrity": "sha512-8q1ICxcDjHId3bBryuu/j+1L9y5/3uQnwzLDt5j2ElcjZSoWmFtymdJy7OjLrluSMe0Z4mq5bcH4fxBXvlEHfw==",
      "license": "Apache-2.0",
      "dependencies": {
        "mnemonist": "0.38.3",
        "tslib": "^2.6.2"
      },
      "engines": {
        "node": ">=20.0.0"
      }
    },
    "node_modules/@aws-sdk/lib-dynamodb": {
      "version": "3.1128.0",
      "resolved": "https://registry.npmjs.org/@aws-sdk/lib-dynamodb/-/lib-dynamodb-3.1128.0.tgz",
      "integrity": "sha512-EBb4YOhOKTVpYpXfxlnBRWTTrObUnG9rgyqBzsS9VvgikSeYkkmjPo1+bKzmiLf5heqNQYBbiLRdCSkvcLMEBQ==",
      "license": "Apache-2.0",
      "dependencies": {
        "@aws-sdk/core": "^3.977.9",
        "@aws-sdk/util-dynamodb": "^3.996.9",
        "@smithy/core": "^3.33.3",
        "@smithy/types": "^4.17.2",
        "tslib": "^2.6.2"
      },
      "engines": {
        "node": ">=20.0.0"
      },
      "peerDependencies": {
        "@aws-sdk/client-dynamodb": "^3.1128.0"
      }
    },
    "node_modules/@aws-sdk/middleware-endpoint-discovery": {
      "version": "3.972.30",
      "resolved": "https://registry.npmjs.org/@aws-sdk/middleware-endpoint-discovery/-/middleware-endpoint-discovery-3.972.30.tgz",
      "integrity": "sha512-0hmD7/NG2NoVOVHvUb6rtY5POQYr+/9gdHvrYhIBA1zmCqKOBd5Gz3dL+iZ15FHOJbs/5kLplGoePc8PHTlzYA==",
      "license": "Apache-2.0",
      "dependencies": {
        "@aws-sdk/endpoint-cache": "^3.972.11",
        "@aws-sdk/types": "^3.974.5",
        "@smithy/core": "^3.33.3",
        "@smithy/types": "^4.17.2",
        "tslib": "^2.6.2"
      },
      "engines": {
        "node": ">=20.0.0"
      }
    },
    "node_modules/@aws-sdk/middleware-sdk-s3": {
      "version": "3.972.76",
      "resolved": "https://registry.npmjs.org/@aws-sdk/middleware-sdk-s3/-/middleware-sdk-s3-3.972.76.tgz",
      "integrity": "sha512-NfnTkVUTBKTBuBgqaapFK9r3YdkKt1b2oRvgLzZq91bwNKh6ZS0S7sEcheguttREaL4iyfs/xQnqD7Z7AsWSsA==",
      "license": "Apache-2.0",
      "dependencies": {
        "@aws-sdk/core": "^3.978.0",
        "@aws-sdk/signature-v4-multi-region": "^3.996.46",
        "@aws-sdk/types": "^3.974.5",
        "@smithy/core": "^3.33.3",
        "@smithy/types": "^4.17.2",
        "tslib": "^2.6.2"
      },
      "engines": {
        "node": ">=20.0.0"
      }
    },
    "node_modules/@aws-sdk/nested-clients": {
      "version": "3.997.45",
      "resolved": "https://registry.npmjs.org/@aws-sdk/nested-clients/-/nested-clients-3.997.45.tgz",
      "integrity": "sha512-mooq9Q+jLa18VoM7HouczmslZU60iiB0aKc/Ztnq/luIL1ud0z4DnYprLR/ZO1gp331S9tJctM1HZr7u6YKBXQ==",
      "license": "Apache-2.0",
      "dependencies": {
        "@aws-sdk/core": "^3.978.0",
        "@aws-sdk/signature-v4-multi-region": "^3.996.46",
        "@aws-sdk/types": "^3.974.5",
        "@smithy/core": "^3.33.3",
        "@smithy/fetch-http-handler": "^5.7.2",
        "@smithy/node-http-handler": "^4.11.3",
        "@smithy/types": "^4.17.2",
        "tslib": "^2.6.2"
      },
      "engines": {
        "node": ">=20.0.0"
      }
    },
    "node_modules/@aws-sdk/s3-request-presigner": {
      "version": "3.1129.0",
      "resolved": "https://registry.npmjs.org/@aws-sdk/s3-request-presigner/-/s3-request-presigner-3.1129.0.tgz",
      "integrity": "sha512-4nm7ZcBJdGNGea/y/VQGE075luT7VNcBa16o7bj5Rqr3RHvkiPrO8IVXRu1fM4h3hTd1diwX/AHbi+3Yn1tLJA==",
      "license": "Apache-2.0",
      "dependencies": {
        "@aws-sdk/core": "^3.978.0",
        "@aws-sdk/signature-v4-multi-region": "^3.996.46",
        "@aws-sdk/types": "^3.974.5",
        "@smithy/core": "^3.33.3",
        "@smithy/types": "^4.17.2",
        "tslib": "^2.6.2"
      },
      "engines": {
        "node": ">=20.0.0"
      }
    },
    "node_modules/@aws-sdk/signature-v4-multi-region": {
      "version": "3.996.46",
      "resolved": "https://registry.npmjs.org/@aws-sdk/signature-v4-multi-region/-/signature-v4-multi-region-3.996.46.tgz",
      "integrity": "sha512-L+2xZTye/2T96f3lwCws0Zw6GG2JHZW9e8FpVgGBeeExSKyeoZ6CWRpBml/7DNiK/O26jrgPM9F+Ay8VkgzUWQ==",
      "license": "Apache-2.0",
      "dependencies": {
        "@aws-sdk/types": "^3.974.5",
        "@smithy/signature-v4": "^5.6.12",
        "@smithy/types": "^4.17.2",
        "tslib": "^2.6.2"
      },
      "engines": {
        "node": ">=20.0.0"
      }
    },
    "node_modules/@aws-sdk/token-providers": {
      "version": "3.1129.0",
      "resolved": "https://registry.npmjs.org/@aws-sdk/token-providers/-/token-providers-3.1129.0.tgz",
      "integrity": "sha512-Sbl3rpzQdsG4ZK2zh0JWUYyZPKKorJlVOddA2T0DVbKJFrsW8J6wgnslxxUH04+WaBMr4A1HzJZvZX0xUvkniA==",
      "license": "Apache-2.0",
      "dependencies": {
        "@aws-sdk/core": "^3.978.0",
        "@aws-sdk/nested-clients": "^3.997.45",
        "@aws-sdk/types": "^3.974.5",
        "@smithy/core": "^3.33.3",
        "@smithy/types": "^4.17.2",
        "tslib": "^2.6.2"
      },
      "engines": {
        "node": ">=20.0.0"
      }
    },
    "node_modules/@aws-sdk/types": {
      "version": "3.974.5",
      "resolved": "https://registry.npmjs.org/@aws-sdk/types/-/types-3.974.5.tgz",
      "integrity": "sha512-LkwLL2BLbC6wNNm4JaH9mbEqBMdOZCct6VAYqhdN4U1xrWM+fUJQEfbHwQgDypapOWTRtlk25akb5afM0P8CIQ==",
      "license": "Apache-2.0",
      "dependencies": {
        "@smithy/types": "^4.17.2",
        "tslib": "^2.6.2"
      },
      "engines": {
        "node": ">=20.0.0"
      }
    },
    "node_modules/@aws-sdk/util-dynamodb": {
      "version": "3.996.9",
      "resolved": "https://registry.npmjs.org/@aws-sdk/util-dynamodb/-/util-dynamodb-3.996.9.tgz",
      "integrity": "sha512-16x2tRvl7OYpZ0W/DdFJieFriD13+RvuRBDbe5sj/tCEfK86HSGd7I2s5j0ivz8p6KWGkS+5wKRO9OliJkjUOQ==",
      "license": "Apache-2.0",
      "dependencies": {
        "tslib": "^2.6.2"
      },
      "engines": {
        "node": ">=20.0.0"
      },
      "peerDependencies": {
        "@aws-sdk/client-dynamodb": "^3.1111.0"
      }
    },
    "node_modules/@aws-sdk/xml-builder": {
      "version": "3.972.40",
      "resolved": "https://registry.npmjs.org/@aws-sdk/xml-builder/-/xml-builder-3.972.40.tgz",
      "integrity": "sha512-wlFmCIGUlwF4zx/kncw+bmxTQh1HeSJq4mYV/V5cZUSJadDP3kXvGW8Rn21cimj/7y9ju+47oYWXi97vF7czaA==",
      "license": "Apache-2.0",
      "dependencies": {
        "@smithy/types": "^4.17.2",
        "tslib": "^2.6.2"
      },
      "engines": {
        "node": ">=20.0.0"
      }
    },
    "node_modules/@aws/lambda-invoke-store": {
      "version": "0.3.0",
      "resolved": "https://registry.npmjs.org/@aws/lambda-invoke-store/-/lambda-invoke-store-0.3.0.tgz",
      "integrity": "sha512-sl4Bm6yiMNYrZKkqqDFWN0UfnWhlS8ivKxrYl+6t0gCLrqr8y3B2IqZZbFRkfaVVp7C/baApyh71P+LeE1A2sQ==",
      "license": "Apache-2.0",
      "engines": {
        "node": ">=18.0.0"
      }
    },
    "node_modules/@esbuild/aix-ppc64": {
      "version": "0.20.2",
      "resolved": "https://registry.npmjs.org/@esbuild/aix-ppc64/-/aix-ppc64-0.20.2.tgz",
      "integrity": "sha512-D+EBOJHXdNZcLJRBkhENNG8Wji2kgc9AZ9KiPr1JuZjsNtyHzrsfLRrY0tk2H2aoFu6RANO1y1iPPUCDYWkb5g==",
      "cpu": [
        "ppc64"
      ],
      "dev": true,
      "license": "MIT",
      "optional": true,
      "os": [
        "aix"
      ],
      "engines": {
        "node": ">=12"
      }
    },
    "node_modules/@esbuild/android-arm": {
      "version": "0.20.2",
      "resolved": "https://registry.npmjs.org/@esbuild/android-arm/-/android-arm-0.20.2.tgz",
      "integrity": "sha512-t98Ra6pw2VaDhqNWO2Oph2LXbz/EJcnLmKLGBJwEwXX/JAN83Fym1rU8l0JUWK6HkIbWONCSSatf4sf2NBRx/w==",
      "cpu": [
        "arm"
      ],
      "dev": true,
      "license": "MIT",
      "optional": true,
      "os": [
        "android"
      ],
      "engines": {
        "node": ">=12"
      }
    },
    "node_modules/@esbuild/android-arm64": {
      "version": "0.20.2",
      "resolved": "https://registry.npmjs.org/@esbuild/android-arm64/-/android-arm64-0.20.2.tgz",
      "integrity": "sha512-mRzjLacRtl/tWU0SvD8lUEwb61yP9cqQo6noDZP/O8VkwafSYwZ4yWy24kan8jE/IMERpYncRt2dw438LP3Xmg==",
      "cpu": [
        "arm64"
      ],
      "dev": true,
      "license": "MIT",
      "optional": true,
      "os": [
        "android"
      ],
      "engines": {
        "node": ">=12"
      }
    },
    "node_modules/@esbuild/android-x64": {
      "version": "0.20.2",
      "resolved": "https://registry.npmjs.org/@esbuild/android-x64/-/android-x64-0.20.2.tgz",
      "integrity": "sha512-btzExgV+/lMGDDa194CcUQm53ncxzeBrWJcncOBxuC6ndBkKxnHdFJn86mCIgTELsooUmwUm9FkhSp5HYu00Rg==",
      "cpu": [
        "x64"
      ],
      "dev": true,
      "license": "MIT",
      "optional": true,
      "os": [
        "android"
      ],
      "engines": {
        "node": ">=12"
      }
    },
    "node_modules/@esbuild/darwin-arm64": {
      "version": "0.20.2",
      "resolved": "https://registry.npmjs.org/@esbuild/darwin-arm64/-/darwin-arm64-0.20.2.tgz",
      "integrity": "sha512-4J6IRT+10J3aJH3l1yzEg9y3wkTDgDk7TSDFX+wKFiWjqWp/iCfLIYzGyasx9l0SAFPT1HwSCR+0w/h1ES/MjA==",
      "cpu": [
        "arm64"
      ],
      "dev": true,
      "license": "MIT",
      "optional": true,
      "os": [
        "darwin"
      ],
      "engines": {
        "node": ">=12"
      }
    },
    "node_modules/@esbuild/darwin-x64": {
      "version": "0.20.2",
      "resolved": "https://registry.npmjs.org/@esbuild/darwin-x64/-/darwin-x64-0.20.2.tgz",
      "integrity": "sha512-tBcXp9KNphnNH0dfhv8KYkZhjc+H3XBkF5DKtswJblV7KlT9EI2+jeA8DgBjp908WEuYll6pF+UStUCfEpdysA==",
      "cpu": [
        "x64"
      ],
      "dev": true,
      "license": "MIT",
      "optional": true,
      "os": [
        "darwin"
      ],
      "engines": {
        "node": ">=12"
      }
    },
    "node_modules/@esbuild/freebsd-arm64": {
      "version": "0.20.2",
      "resolved": "https://registry.npmjs.org/@esbuild/freebsd-arm64/-/freebsd-arm64-0.20.2.tgz",
      "integrity": "sha512-d3qI41G4SuLiCGCFGUrKsSeTXyWG6yem1KcGZVS+3FYlYhtNoNgYrWcvkOoaqMhwXSMrZRl69ArHsGJ9mYdbbw==",
      "cpu": [
        "arm64"
      ],
      "dev": true,
      "license": "MIT",
      "optional": true,
      "os": [
        "freebsd"
      ],
      "engines": {
        "node": ">=12"
      }
    },
    "node_modules/@esbuild/freebsd-x64": {
      "version": "0.20.2",
      "resolved": "https://registry.npmjs.org/@esbuild/freebsd-x64/-/freebsd-x64-0.20.2.tgz",
      "integrity": "sha512-d+DipyvHRuqEeM5zDivKV1KuXn9WeRX6vqSqIDgwIfPQtwMP4jaDsQsDncjTDDsExT4lR/91OLjRo8bmC1e+Cw==",
      "cpu": [
        "x64"
      ],
      "dev": true,
      "license": "MIT",
      "optional": true,
      "os": [
        "freebsd"
      ],
      "engines": {
        "node": ">=12"
      }
    },
    "node_modules/@esbuild/linux-arm": {
      "version": "0.20.2",
      "resolved": "https://registry.npmjs.org/@esbuild/linux-arm/-/linux-arm-0.20.2.tgz",
      "integrity": "sha512-VhLPeR8HTMPccbuWWcEUD1Az68TqaTYyj6nfE4QByZIQEQVWBB8vup8PpR7y1QHL3CpcF6xd5WVBU/+SBEvGTg==",
      "cpu": [
        "arm"
      ],
      "dev": true,
      "license": "MIT",
      "optional": true,
      "os": [
        "linux"
      ],
      "engines": {
        "node": ">=12"
      }
    },
    "node_modules/@esbuild/linux-arm64": {
      "version": "0.20.2",
      "resolved": "https://registry.npmjs.org/@esbuild/linux-arm64/-/linux-arm64-0.20.2.tgz",
      "integrity": "sha512-9pb6rBjGvTFNira2FLIWqDk/uaf42sSyLE8j1rnUpuzsODBq7FvpwHYZxQ/It/8b+QOS1RYfqgGFNLRI+qlq2A==",
      "cpu": [
        "arm64"
      ],
      "dev": true,
      "license": "MIT",
      "optional": true,
      "os": [
        "linux"
      ],
      "engines": {
        "node": ">=12"
      }
    },
    "node_modules/@esbuild/linux-ia32": {
      "version": "0.20.2",
      "resolved": "https://registry.npmjs.org/@esbuild/linux-ia32/-/linux-ia32-0.20.2.tgz",
      "integrity": "sha512-o10utieEkNPFDZFQm9CoP7Tvb33UutoJqg3qKf1PWVeeJhJw0Q347PxMvBgVVFgouYLGIhFYG0UGdBumROyiig==",
      "cpu": [
        "ia32"
      ],
      "dev": true,
      "license": "MIT",
      "optional": true,
      "os": [
        "linux"
      ],
      "engines": {
        "node": ">=12"
      }
    },
    "node_modules/@esbuild/linux-loong64": {
      "version": "0.20.2",
      "resolved": "https://registry.npmjs.org/@esbuild/linux-loong64/-/linux-loong64-0.20.2.tgz",
      "integrity": "sha512-PR7sp6R/UC4CFVomVINKJ80pMFlfDfMQMYynX7t1tNTeivQ6XdX5r2XovMmha/VjR1YN/HgHWsVcTRIMkymrgQ==",
      "cpu": [
        "loong64"
      ],
      "dev": true,
      "license": "MIT",
      "optional": true,
      "os": [
        "linux"
      ],
      "engines": {
        "node": ">=12"
      }
    },
    "node_modules/@esbuild/linux-mips64el": {
      "version": "0.20.2",
      "resolved": "https://registry.npmjs.org/@esbuild/linux-mips64el/-/linux-mips64el-0.20.2.tgz",
      "integrity": "sha512-4BlTqeutE/KnOiTG5Y6Sb/Hw6hsBOZapOVF6njAESHInhlQAghVVZL1ZpIctBOoTFbQyGW+LsVYZ8lSSB3wkjA==",
      "cpu": [
        "mips64el"
      ],
      "dev": true,
      "license": "MIT",
      "optional": true,
      "os": [
        "linux"
      ],
      "engines": {
        "node": ">=12"
      }
    },
    "node_modules/@esbuild/linux-ppc64": {
      "version": "0.20.2",
      "resolved": "https://registry.npmjs.org/@esbuild/linux-ppc64/-/linux-ppc64-0.20.2.tgz",
      "integrity": "sha512-rD3KsaDprDcfajSKdn25ooz5J5/fWBylaaXkuotBDGnMnDP1Uv5DLAN/45qfnf3JDYyJv/ytGHQaziHUdyzaAg==",
      "cpu": [
        "ppc64"
      ],
      "dev": true,
      "license": "MIT",
      "optional": true,
      "os": [
        "linux"
      ],
      "engines": {
        "node": ">=12"
      }
    },
    "node_modules/@esbuild/linux-riscv64": {
      "version": "0.20.2",
      "resolved": "https://registry.npmjs.org/@esbuild/linux-riscv64/-/linux-riscv64-0.20.2.tgz",
      "integrity": "sha512-snwmBKacKmwTMmhLlz/3aH1Q9T8v45bKYGE3j26TsaOVtjIag4wLfWSiZykXzXuE1kbCE+zJRmwp+ZbIHinnVg==",
      "cpu": [
        "riscv64"
      ],
      "dev": true,
      "license": "MIT",
      "optional": true,
      "os": [
        "linux"
      ],
      "engines": {
        "node": ">=12"
      }
    },
    "node_modules/@esbuild/linux-s390x": {
      "version": "0.20.2",
      "resolved": "https://registry.npmjs.org/@esbuild/linux-s390x/-/linux-s390x-0.20.2.tgz",
      "integrity": "sha512-wcWISOobRWNm3cezm5HOZcYz1sKoHLd8VL1dl309DiixxVFoFe/o8HnwuIwn6sXre88Nwj+VwZUvJf4AFxkyrQ==",
      "cpu": [
        "s390x"
      ],
      "dev": true,
      "license": "MIT",
      "optional": true,
      "os": [
        "linux"
      ],
      "engines": {
        "node": ">=12"
      }
    },
    "node_modules/@esbuild/linux-x64": {
      "version": "0.20.2",
      "resolved": "https://registry.npmjs.org/@esbuild/linux-x64/-/linux-x64-0.20.2.tgz",
      "integrity": "sha512-1MdwI6OOTsfQfek8sLwgyjOXAu+wKhLEoaOLTjbijk6E2WONYpH9ZU2mNtR+lZ2B4uwr+usqGuVfFT9tMtGvGw==",
      "cpu": [
        "x64"
      ],
      "dev": true,
      "license": "MIT",
      "optional": true,
      "os": [
        "linux"
      ],
      "engines": {
        "node": ">=12"
      }
    },
    "node_modules/@esbuild/netbsd-x64": {
      "version": "0.20.2",
      "resolved": "https://registry.npmjs.org/@esbuild/netbsd-x64/-/netbsd-x64-0.20.2.tgz",
      "integrity": "sha512-K8/DhBxcVQkzYc43yJXDSyjlFeHQJBiowJ0uVL6Tor3jGQfSGHNNJcWxNbOI8v5k82prYqzPuwkzHt3J1T1iZQ==",
      "cpu": [
        "x64"
      ],
      "dev": true,
      "license": "MIT",
      "optional": true,
      "os": [
        "netbsd"
      ],
      "engines": {
        "node": ">=12"
      }
    },
    "node_modules/@esbuild/openbsd-x64": {
      "version": "0.20.2",
      "resolved": "https://registry.npmjs.org/@esbuild/openbsd-x64/-/openbsd-x64-0.20.2.tgz",
      "integrity": "sha512-eMpKlV0SThJmmJgiVyN9jTPJ2VBPquf6Kt/nAoo6DgHAoN57K15ZghiHaMvqjCye/uU4X5u3YSMgVBI1h3vKrQ==",
      "cpu": [
        "x64"
      ],
      "dev": true,
      "license": "MIT",
      "optional": true,
      "os": [
        "openbsd"
      ],
      "engines": {
        "node": ">=12"
      }
    },
    "node_modules/@esbuild/sunos-x64": {
      "version": "0.20.2",
      "resolved": "https://registry.npmjs.org/@esbuild/sunos-x64/-/sunos-x64-0.20.2.tgz",
      "integrity": "sha512-2UyFtRC6cXLyejf/YEld4Hajo7UHILetzE1vsRcGL3earZEW77JxrFjH4Ez2qaTiEfMgAXxfAZCm1fvM/G/o8w==",
      "cpu": [
        "x64"
      ],
      "dev": true,
      "license": "MIT",
      "optional": true,
      "os": [
        "sunos"
      ],
      "engines": {
        "node": ">=12"
      }
    },
    "node_modules/@esbuild/win32-arm64": {
      "version": "0.20.2",
      "resolved": "https://registry.npmjs.org/@esbuild/win32-arm64/-/win32-arm64-0.20.2.tgz",
      "integrity": "sha512-GRibxoawM9ZCnDxnP3usoUDO9vUkpAxIIZ6GQI+IlVmr5kP3zUq+l17xELTHMWTWzjxa2guPNyrpq1GWmPvcGQ==",
      "cpu": [
        "arm64"
      ],
      "dev": true,
      "license": "MIT",
      "optional": true,
      "os": [
        "win32"
      ],
      "engines": {
        "node": ">=12"
      }
    },
    "node_modules/@esbuild/win32-ia32": {
      "version": "0.20.2",
      "resolved": "https://registry.npmjs.org/@esbuild/win32-ia32/-/win32-ia32-0.20.2.tgz",
      "integrity": "sha512-HfLOfn9YWmkSKRQqovpnITazdtquEW8/SoHW7pWpuEeguaZI4QnCRW6b+oZTztdBnZOS2hqJ6im/D5cPzBTTlQ==",
      "cpu": [
        "ia32"
      ],
      "dev": true,
      "license": "MIT",
      "optional": true,
      "os": [
        "win32"
      ],
      "engines": {
        "node": ">=12"
      }
    },
    "node_modules/@esbuild/win32-x64": {
      "version": "0.20.2",
      "resolved": "https://registry.npmjs.org/@esbuild/win32-x64/-/win32-x64-0.20.2.tgz",
      "integrity": "sha512-N49X4lJX27+l9jbLKSqZ6bKNjzQvHaT8IIFUy+YIqmXQdjYCToGWwOItDrfby14c78aDd5NHQl29xingXfCdLQ==",
      "cpu": [
        "x64"
      ],
      "dev": true,
      "license": "MIT",
      "optional": true,
      "os": [
        "win32"
      ],
      "engines": {
        "node": ">=12"
      }
    },
    "node_modules/@smithy/core": {
      "version": "3.33.3",
      "resolved": "https://registry.npmjs.org/@smithy/core/-/core-3.33.3.tgz",
      "integrity": "sha512-CsOeKq/9kA3y6VJHt+/+VTCtBaxJ4OTFpgrjIUhPpDIKxBci1k2bJaQASF2h/ELWrulGp+t97DZ0mevfAD8idg==",
      "license": "Apache-2.0",
      "dependencies": {
        "@smithy/types": "^4.17.2",
        "tslib": "^2.6.2"
      },
      "engines": {
        "node": ">=18.0.0"
      }
    },
    "node_modules/@smithy/credential-provider-imds": {
      "version": "4.5.2",
      "resolved": "https://registry.npmjs.org/@smithy/credential-provider-imds/-/credential-provider-imds-4.5.2.tgz",
      "integrity": "sha512-A9uSdn72ozbRUSit0eib0TW7nXuNPlaeM0zcGkJ+nE6tFcSDbnmtwoxbTCFBukVQcszDAyvsd7+rTduPTXpygg==",
      "license": "Apache-2.0",
      "dependencies": {
        "@smithy/core": "^3.33.2",
        "@smithy/types": "^4.17.2",
        "tslib": "^2.6.2"
      },
      "engines": {
        "node": ">=18.0.0"
      }
    },
    "node_modules/@smithy/fetch-http-handler": {
      "version": "5.8.0",
      "resolved": "https://registry.npmjs.org/@smithy/fetch-http-handler/-/fetch-http-handler-5.8.0.tgz",
      "integrity": "sha512-ycSJu3tFAQ4v04CBB0agqFMVsSQ1iG3yw+SpgxRqKfaURpQD4CZ8Wn0zPMmSnOuTpTh65Vz+EA0rMrw089wvkA==",
      "license": "Apache-2.0",
      "dependencies": {
        "@smithy/core": "^3.33.3",
        "@smithy/types": "^4.18.0",
        "tslib": "^2.6.2"
      },
      "engines": {
        "node": ">=18.0.0"
      }
    },
    "node_modules/@smithy/node-http-handler": {
      "version": "4.12.1",
      "resolved": "https://registry.npmjs.org/@smithy/node-http-handler/-/node-http-handler-4.12.1.tgz",
      "integrity": "sha512-ThMkboGeONWXAelq9FvGsuJC4rOi+qyC4/zhUF58xYpxUg5sQKx2VXZYJmtNjr4dSuBJ1HeJXETQILCz3wOHvw==",
      "license": "Apache-2.0",
      "dependencies": {
        "@smithy/core": "^3.33.3",
        "@smithy/types": "^4.18.0",
        "tslib": "^2.6.2"
      },
      "engines": {
        "node": ">=18.0.0"
      }
    },
    "node_modules/@smithy/signature-v4": {
      "version": "5.7.3",
      "resolved": "https://registry.npmjs.org/@smithy/signature-v4/-/signature-v4-5.7.3.tgz",
      "integrity": "sha512-7ImGm+FkHRLcBaRttIAMZ6bzJZWb2cJGoYjq46F2UjycujWzrL9GEN9h4w7eQyXJYnltrUhxbbieBAIRrdqpow==",
      "license": "Apache-2.0",
      "dependencies": {
        "@smithy/core": "^3.33.3",
        "@smithy/types": "^4.17.2",
        "tslib": "^2.6.2"
      },
      "engines": {
        "node": ">=18.0.0"
      }
    },
    "node_modules/@smithy/types": {
      "version": "4.18.0",
      "resolved": "https://registry.npmjs.org/@smithy/types/-/types-4.18.0.tgz",
      "integrity": "sha512-CgB6HHWer/vrKps24ulRIbpcpb7K4xAU7SkZ7YHzBPlwHsvsrCJFEXK421s+cJzX+ZrqtA/TuU5w1HzI7k9N8A==",
      "license": "Apache-2.0",
      "dependencies": {
        "tslib": "^2.6.2"
      },
      "engines": {
        "node": ">=18.0.0"
      }
    },
    "node_modules/bowser": {
      "version": "2.14.1",
      "resolved": "https://registry.npmjs.org/bowser/-/bowser-2.14.1.tgz",
      "integrity": "sha512-tzPjzCxygAKWFOJP011oxFHs57HzIhOEracIgAePE4pqB3LikALKnSzUyU4MGs9/iCEUuHlAJTjTc5M+u7YEGg==",
      "license": "MIT"
    },
    "node_modules/esbuild": {
      "version": "0.20.2",
      "resolved": "https://registry.npmjs.org/esbuild/-/esbuild-0.20.2.tgz",
      "integrity": "sha512-WdOOppmUNU+IbZ0PaDiTst80zjnrOkyJNHoKupIcVyU8Lvla3Ugx94VzkQ32Ijqd7UhHJy75gNWDMUekcrSJ6g==",
      "dev": true,
      "hasInstallScript": true,
      "license": "MIT",
      "bin": {
        "esbuild": "bin/esbuild"
      },
      "engines": {
        "node": ">=12"
      },
      "optionalDependencies": {
        "@esbuild/aix-ppc64": "0.20.2",
        "@esbuild/android-arm": "0.20.2",
        "@esbuild/android-arm64": "0.20.2",
        "@esbuild/android-x64": "0.20.2",
        "@esbuild/darwin-arm64": "0.20.2",
        "@esbuild/darwin-x64": "0.20.2",
        "@esbuild/freebsd-arm64": "0.20.2",
        "@esbuild/freebsd-x64": "0.20.2",
        "@esbuild/linux-arm": "0.20.2",
        "@esbuild/linux-arm64": "0.20.2",
        "@esbuild/linux-ia32": "0.20.2",
        "@esbuild/linux-loong64": "0.20.2",
        "@esbuild/linux-mips64el": "0.20.2",
        "@esbuild/linux-ppc64": "0.20.2",
        "@esbuild/linux-riscv64": "0.20.2",
        "@esbuild/linux-s390x": "0.20.2",
        "@esbuild/linux-x64": "0.20.2",
        "@esbuild/netbsd-x64": "0.20.2",
        "@esbuild/openbsd-x64": "0.20.2",
        "@esbuild/sunos-x64": "0.20.2",
        "@esbuild/win32-arm64": "0.20.2",
        "@esbuild/win32-ia32": "0.20.2",
        "@esbuild/win32-x64": "0.20.2"
      }
    },
    "node_modules/mnemonist": {
      "version": "0.38.3",
      "resolved": "https://registry.npmjs.org/mnemonist/-/mnemonist-0.38.3.tgz",
      "integrity": "sha512-2K9QYubXx/NAjv4VLq1d1Ly8pWNC5L3BrixtdkyTegXWJIqY+zLNDhhX/A+ZwWt70tB1S8H4BE8FLYEFyNoOBw==",
      "license": "MIT",
      "dependencies": {
        "obliterator": "^1.6.1"
      }
    },
    "node_modules/obliterator": {
      "version": "1.6.1",
      "resolved": "https://registry.npmjs.org/obliterator/-/obliterator-1.6.1.tgz",
      "integrity": "sha512-9WXswnqINnnhOG/5SLimUlzuU1hFJUc8zkwyD59Sd+dPOMf05PmnYG/d6Q7HZ+KmgkZJa1PxRso6QdM3sTNHig==",
      "license": "MIT"
    },
    "node_modules/tslib": {
      "version": "2.8.1",
      "resolved": "https://registry.npmjs.org/tslib/-/tslib-2.8.1.tgz",
      "integrity": "sha512-oJFu94HQb+KVduSUQL7wnpmqnfmLsOA/nAh6b6EH0wCEoK0/mPeXU6c3wKDV83MkOuHPRHtSXKKU99IBazS/2w==",
      "license": "0BSD"
    },
    "node_modules/uuid": {
      "version": "9.0.1",
      "resolved": "https://registry.npmjs.org/uuid/-/uuid-9.0.1.tgz",
      "integrity": "sha512-b+1eJOlsR9K8HJpow9Ok3fiWOWSIcIzXodvv0rQjVoOVNpWMpxf1wZNpt4y9h10odCNrqnYp1OBzRktckBe3sA==",
      "deprecated": "uuid@10 and below is no longer supported.  For ESM codebases, update to uuid@latest.  For CommonJS codebases, use uuid@11 (but be aware this version will likely be deprecated in 2028).",
      "funding": [
        "https://github.com/sponsors/broofa",
        "https://github.com/sponsors/ctavan"
      ],
      "license": "MIT",
      "bin": {
        "uuid": "dist/bin/uuid"
      }
    }
  }
}
